<Solution>
  <Folder Name="/Solution Items/">
    <File Path=".env" />
    <File Path="Directory.Packages.props" />
  </Folder>
  <Folder Name="/src/">
    <Project Path="src/WebApi/Gateway.WebApi.csproj" />
  </Folder>
  <Project Path="docker-compose.dcproj">
    <Build />
  </Project>
</Solution>
